
Microsoft Visual Studio Solution File, Format Version 12.00
# Visual Studio Version 16
VisualStudioVersion = 16.0.31402.337
MinimumVisualStudioVersion = 10.0.40219.1
Project("{9A19103F-16F7-4668-BE54-9A1E7A4F7556}") = "EventSourcing", "EventSourcing\EventSourcing.csproj", "{96A935D4-50D1-4C0E-BB6B-E84342587F31}"
EndProject
Project("{9A19103F-16F7-4668-BE54-9A1E7A4F7556}") = "EventSourcing.EF", "EventSourcing.EF\EventSourcing.EF.csproj", "{2D5763FB-6A41-469A-B019-0D907DD940D5}"
EndProject
Project("{FAE04EC0-301F-11D3-BF4B-00C04F79EFBC}") = "EventSourcing.Sample", "EventSourcing.Sample\EventSourcing.Sample.csproj", "{EE0D4FAF-D3CE-44F4-BBE0-A11575CA8052}"
EndProject
Global
	GlobalSection(SolutionConfigurationPlatforms) = preSolution
		Debug|Any CPU = Debug|Any CPU
		Release|Any CPU = Release|Any CPU
	EndGlobalSection
	GlobalSection(ProjectConfigurationPlatforms) = postSolution
		{96A935D4-50D1-4C0E-BB6B-E84342587F31}.Debug|Any CPU.ActiveCfg = Debug|Any CPU
		{96A935D4-50D1-4C0E-BB6B-E84342587F31}.Debug|Any CPU.Build.0 = Debug|Any CPU
		{96A935D4-50D1-4C0E-BB6B-E84342587F31}.Release|Any CPU.ActiveCfg = Release|Any CPU
		{96A935D4-50D1-4C0E-BB6B-E84342587F31}.Release|Any CPU.Build.0 = Release|Any CPU
		{2D5763FB-6A41-469A-B019-0D907DD940D5}.Debug|Any CPU.ActiveCfg = Debug|Any CPU
		{2D5763FB-6A41-469A-B019-0D907DD940D5}.Debug|Any CPU.Build.0 = Debug|Any CPU
		{2D5763FB-6A41-469A-B019-0D907DD940D5}.Release|Any CPU.ActiveCfg = Release|Any CPU
		{2D5763FB-6A41-469A-B019-0D907DD940D5}.Release|Any CPU.Build.0 = Release|Any CPU
		{EE0D4FAF-D3CE-44F4-BBE0-A11575CA8052}.Debug|Any CPU.ActiveCfg = Debug|Any CPU
		{EE0D4FAF-D3CE-44F4-BBE0-A11575CA8052}.Debug|Any CPU.Build.0 = Debug|Any CPU
		{EE0D4FAF-D3CE-44F4-BBE0-A11575CA8052}.Release|Any CPU.ActiveCfg = Release|Any CPU
		{EE0D4FAF-D3CE-44F4-BBE0-A11575CA8052}.Release|Any CPU.Build.0 = Release|Any CPU
	EndGlobalSection
	GlobalSection(SolutionProperties) = preSolution
		HideSolutionNode = FALSE
	EndGlobalSection
	GlobalSection(ExtensibilityGlobals) = postSolution
		SolutionGuid = {6BA113A6-629F-4CBA-8560-2F772A11E1D8}
	EndGlobalSection
EndGlobal
